// !$*UTF8*$!
{
	archiveVersion = 1;
	classes = {
	};
	objectVersion = 56;
	objects = {

/* Begin PBXBuildFile section */
		D40B9B8A2AD5CA14005453B8 /* NationalParkImage.swift in Sources */ = {isa = PBXBuildFile; fileRef = D40B9B892AD5CA14005453B8 /* NationalParkImage.swift */; };
		D40B9B8C2AD5D031005453B8 /* Constants.swift in Sources */ = {isa = PBXBuildFile; fileRef = D40B9B8B2AD5D031005453B8 /* Constants.swift */; };
		D40B9B922AD5D28F005453B8 /* NationalParksViewTests.swift in Sources */ = {isa = PBXBuildFile; fileRef = D40B9B912AD5D28F005453B8 /* NationalParksViewTests.swift */; };
		D40B9B9A2AD5D5AD005453B8 /* SnapshotTesting in Frameworks */ = {isa = PBXBuildFile; productRef = D40B9B992AD5D5AD005453B8 /* SnapshotTesting */; };
		D40B9B9C2AD5D5B1005453B8 /* ViewInspector in Frameworks */ = {isa = PBXBuildFile; productRef = D40B9B9B2AD5D5B1005453B8 /* ViewInspector */; };
		D40B9B9E2AD5D981005453B8 /* ParkCardViewTests.swift in Sources */ = {isa = PBXBuildFile; fileRef = D40B9B9D2AD5D981005453B8 /* ParkCardViewTests.swift */; };
		D40B9BA22AD5DB48005453B8 /* Assets.xcassets in Resources */ = {isa = PBXBuildFile; fileRef = D40B9BA12AD5DB48005453B8 /* Assets.xcassets */; };
		D40B9BA52AD5DBAF005453B8 /* NationalParks+Fixtures.swift in Sources */ = {isa = PBXBuildFile; fileRef = D40B9BA42AD5DBAF005453B8 /* NationalParks+Fixtures.swift */; };
		D40B9BA72AD5E744005453B8 /* NationalParkDetailViewTests.swift in Sources */ = {isa = PBXBuildFile; fileRef = D40B9BA62AD5E744005453B8 /* NationalParkDetailViewTests.swift */; };
		D4A883C92ACF49DA00154A97 /* WildfrontApp.swift in Sources */ = {isa = PBXBuildFile; fileRef = D4A883C82ACF49DA00154A97 /* WildfrontApp.swift */; };
		D4A883D02ACF49DC00154A97 /* Preview Assets.xcassets in Resources */ = {isa = PBXBuildFile; fileRef = D4A883CF2ACF49DC00154A97 /* Preview Assets.xcassets */; };
		D4A883E42ACF49DC00154A97 /* WildfrontUITests.swift in Sources */ = {isa = PBXBuildFile; fileRef = D4A883E32ACF49DC00154A97 /* WildfrontUITests.swift */; };
		D4A883E62ACF49DC00154A97 /* WildfrontUITestsLaunchTests.swift in Sources */ = {isa = PBXBuildFile; fileRef = D4A883E52ACF49DC00154A97 /* WildfrontUITestsLaunchTests.swift */; };
		D4A883F62ACF614200154A97 /* APIService.swift in Sources */ = {isa = PBXBuildFile; fileRef = D4A883F52ACF614200154A97 /* APIService.swift */; };
		D4A883FB2ACF650E00154A97 /* Environment.swift in Sources */ = {isa = PBXBuildFile; fileRef = D4A883FA2ACF650E00154A97 /* Environment.swift */; };
		D4A884002ACF6D1900154A97 /* NetworkError.swift in Sources */ = {isa = PBXBuildFile; fileRef = D4A883FF2ACF6D1900154A97 /* NetworkError.swift */; };
		D4A884042ACF92B500154A97 /* APIRequest.swift in Sources */ = {isa = PBXBuildFile; fileRef = D4A884032ACF92B500154A97 /* APIRequest.swift */; };
		D4A884062ACF943A00154A97 /* Network.swift in Sources */ = {isa = PBXBuildFile; fileRef = D4A884052ACF943A00154A97 /* Network.swift */; };
		D4A884092ACF9C7700154A97 /* DefaultAPIServiceTests.swift in Sources */ = {isa = PBXBuildFile; fileRef = D4A884082ACF9C7700154A97 /* DefaultAPIServiceTests.swift */; };
		D4AB41242ACFADD7004DB20E /* MockAPIRequest.swift in Sources */ = {isa = PBXBuildFile; fileRef = D4AB41232ACFADD7004DB20E /* MockAPIRequest.swift */; };
		D4AB41272AD05E1D004DB20E /* HTTPURLResponseExtensionTests.swift in Sources */ = {isa = PBXBuildFile; fileRef = D4AB41262AD05E1D004DB20E /* HTTPURLResponseExtensionTests.swift */; };
		D4AB412A2AD06192004DB20E /* HTTPURLResponse+Extensions.swift in Sources */ = {isa = PBXBuildFile; fileRef = D4AB41292AD06192004DB20E /* HTTPURLResponse+Extensions.swift */; };
		D4AB41312AD07290004DB20E /* NetworkSession.swift in Sources */ = {isa = PBXBuildFile; fileRef = D4AB41302AD07290004DB20E /* NetworkSession.swift */; };
		D4AB41332AD0773A004DB20E /* MockNetworkSession.swift in Sources */ = {isa = PBXBuildFile; fileRef = D4AB41322AD0773A004DB20E /* MockNetworkSession.swift */; };
		D4AB41362AD07E27004DB20E /* MockResponseModel.swift in Sources */ = {isa = PBXBuildFile; fileRef = D4AB41352AD07E27004DB20E /* MockResponseModel.swift */; };
		D4AB41392AD07E8C004DB20E /* APIResponse.swift in Sources */ = {isa = PBXBuildFile; fileRef = D4AB41382AD07E8C004DB20E /* APIResponse.swift */; };
		D4AB413B2AD08D51004DB20E /* MockNetworkSessionBehavior.swift in Sources */ = {isa = PBXBuildFile; fileRef = D4AB413A2AD08D51004DB20E /* MockNetworkSessionBehavior.swift */; };
		D4AB41442AD09DE9004DB20E /* NationalParksRequest.swift in Sources */ = {isa = PBXBuildFile; fileRef = D4AB41432AD09DE9004DB20E /* NationalParksRequest.swift */; };
		D4AB41472AD0D4C7004DB20E /* DefaultAPIRequestTests.swift in Sources */ = {isa = PBXBuildFile; fileRef = D4AB41462AD0D4C7004DB20E /* DefaultAPIRequestTests.swift */; };
		D4AB41492AD0D4E0004DB20E /* NationalParksRequestTests.swift in Sources */ = {isa = PBXBuildFile; fileRef = D4AB41482AD0D4E0004DB20E /* NationalParksRequestTests.swift */; };
		D4AB414C2AD0DD95004DB20E /* NationalParksRepository.swift in Sources */ = {isa = PBXBuildFile; fileRef = D4AB414B2AD0DD95004DB20E /* NationalParksRepository.swift */; };
		D4CF7D262AD3C01000F60FC8 /* AppState.swift in Sources */ = {isa = PBXBuildFile; fileRef = D4CF7D252AD3C01000F60FC8 /* AppState.swift */; };
		D4CF7D282AD3C0C500F60FC8 /* AppAction.swift in Sources */ = {isa = PBXBuildFile; fileRef = D4CF7D272AD3C0C500F60FC8 /* AppAction.swift */; };
		D4CF7D2A2AD3C0E700F60FC8 /* AppReducer.swift in Sources */ = {isa = PBXBuildFile; fileRef = D4CF7D292AD3C0E700F60FC8 /* AppReducer.swift */; };
		D4CF7D2C2AD3C11000F60FC8 /* Store.swift in Sources */ = {isa = PBXBuildFile; fileRef = D4CF7D2B2AD3C11000F60FC8 /* Store.swift */; };
		D4CF7D342AD3C33F00F60FC8 /* NationalParksState.swift in Sources */ = {isa = PBXBuildFile; fileRef = D4CF7D332AD3C33F00F60FC8 /* NationalParksState.swift */; };
		D4CF7D362AD3C35F00F60FC8 /* NationalParksAction.swift in Sources */ = {isa = PBXBuildFile; fileRef = D4CF7D352AD3C35F00F60FC8 /* NationalParksAction.swift */; };
		D4CF7D382AD3C4B800F60FC8 /* NoOpAPIRequest.swift in Sources */ = {isa = PBXBuildFile; fileRef = D4CF7D372AD3C4B800F60FC8 /* NoOpAPIRequest.swift */; };
		D4CF7D3B2AD3C57000F60FC8 /* NationalPark.swift in Sources */ = {isa = PBXBuildFile; fileRef = D4CF7D3A2AD3C57000F60FC8 /* NationalPark.swift */; };
		D4CF7D3D2AD3C5B200F60FC8 /* NationalParksReducer.swift in Sources */ = {isa = PBXBuildFile; fileRef = D4CF7D3C2AD3C5B200F60FC8 /* NationalParksReducer.swift */; };
		D4CF7D402AD45D9200F60FC8 /* StoreTests.swift in Sources */ = {isa = PBXBuildFile; fileRef = D4CF7D3F2AD45D9200F60FC8 /* StoreTests.swift */; };
		D4CF7D422AD45EEC00F60FC8 /* ReducerTests.swift in Sources */ = {isa = PBXBuildFile; fileRef = D4CF7D412AD45EEC00F60FC8 /* ReducerTests.swift */; };
		D4CF7D442AD466D700F60FC8 /* NationalParksView.swift in Sources */ = {isa = PBXBuildFile; fileRef = D4CF7D432AD466D700F60FC8 /* NationalParksView.swift */; };
		D4CF7D462AD4889900F60FC8 /* NationalParksResponse.swift in Sources */ = {isa = PBXBuildFile; fileRef = D4CF7D452AD4889900F60FC8 /* NationalParksResponse.swift */; };
		D4CF7D482AD4977D00F60FC8 /* Middleware.swift in Sources */ = {isa = PBXBuildFile; fileRef = D4CF7D472AD4977D00F60FC8 /* Middleware.swift */; };
		D4CF7D4E2AD5043500F60FC8 /* NetworkingMiddleware.swift in Sources */ = {isa = PBXBuildFile; fileRef = D4CF7D4D2AD5043500F60FC8 /* NetworkingMiddleware.swift */; };
		D4CF7D502AD5047100F60FC8 /* MiddlewareTests.swift in Sources */ = {isa = PBXBuildFile; fileRef = D4CF7D4F2AD5047100F60FC8 /* MiddlewareTests.swift */; };
		D4CF7D522AD504C300F60FC8 /* MockNationalParksRepository.swift in Sources */ = {isa = PBXBuildFile; fileRef = D4CF7D512AD504C300F60FC8 /* MockNationalParksRepository.swift */; };
		D4CF7D542AD50BFC00F60FC8 /* NetworkSessionTests.swift in Sources */ = {isa = PBXBuildFile; fileRef = D4CF7D532AD50BFC00F60FC8 /* NetworkSessionTests.swift */; };
		D4CF7D562AD5172900F60FC8 /* ParkCodes.swift in Sources */ = {isa = PBXBuildFile; fileRef = D4CF7D552AD5172900F60FC8 /* ParkCodes.swift */; };
		D4CF7D582AD57F3A00F60FC8 /* NationalParkDetailView.swift in Sources */ = {isa = PBXBuildFile; fileRef = D4CF7D572AD57F3A00F60FC8 /* NationalParkDetailView.swift */; };
		D4CF7D5B2AD5810200F60FC8 /* ParkCardView.swift in Sources */ = {isa = PBXBuildFile; fileRef = D4CF7D5A2AD5810200F60FC8 /* ParkCardView.swift */; };
		D4CF7D602AD583B300F60FC8 /* NukeUI in Frameworks */ = {isa = PBXBuildFile; productRef = D4CF7D5F2AD583B300F60FC8 /* NukeUI */; };
/* End PBXBuildFile section */

/* Begin PBXContainerItemProxy section */
		D4A883D62ACF49DC00154A97 /* PBXContainerItemProxy */ = {
			isa = PBXContainerItemProxy;
			containerPortal = D4A883BD2ACF49DA00154A97 /* Project object */;
			proxyType = 1;
			remoteGlobalIDString = D4A883C42ACF49DA00154A97;
			remoteInfo = Wildfront;
		};
		D4A883E02ACF49DC00154A97 /* PBXContainerItemProxy */ = {
			isa = PBXContainerItemProxy;
			containerPortal = D4A883BD2ACF49DA00154A97 /* Project object */;
			proxyType = 1;
			remoteGlobalIDString = D4A883C42ACF49DA00154A97;
			remoteInfo = Wildfront;
		};
/* End PBXContainerItemProxy section */

/* Begin PBXFileReference section */
		D40B9B892AD5CA14005453B8 /* NationalParkImage.swift */ = {isa = PBXFileReference; lastKnownFileType = sourcecode.swift; path = NationalParkImage.swift; sourceTree = "<group>"; };
		D40B9B8B2AD5D031005453B8 /* Constants.swift */ = {isa = PBXFileReference; lastKnownFileType = sourcecode.swift; path = Constants.swift; sourceTree = "<group>"; };
		D40B9B912AD5D28F005453B8 /* NationalParksViewTests.swift */ = {isa = PBXFileReference; lastKnownFileType = sourcecode.swift; path = NationalParksViewTests.swift; sourceTree = "<group>"; };
		D40B9B9D2AD5D981005453B8 /* ParkCardViewTests.swift */ = {isa = PBXFileReference; lastKnownFileType = sourcecode.swift; path = ParkCardViewTests.swift; sourceTree = "<group>"; };
		D40B9BA02AD5DA7F005453B8 /* WildfrontTestPlan.xctestplan */ = {isa = PBXFileReference; lastKnownFileType = text; path = WildfrontTestPlan.xctestplan; sourceTree = "<group>"; };
		D40B9BA12AD5DB48005453B8 /* Assets.xcassets */ = {isa = PBXFileReference; lastKnownFileType = folder.assetcatalog; path = Assets.xcassets; sourceTree = "<group>"; };
		D40B9BA42AD5DBAF005453B8 /* NationalParks+Fixtures.swift */ = {isa = PBXFileReference; lastKnownFileType = sourcecode.swift; path = "NationalParks+Fixtures.swift"; sourceTree = "<group>"; };
		D40B9BA62AD5E744005453B8 /* NationalParkDetailViewTests.swift */ = {isa = PBXFileReference; lastKnownFileType = sourcecode.swift; path = NationalParkDetailViewTests.swift; sourceTree = "<group>"; };
		D4A883C52ACF49DA00154A97 /* Wildfront.app */ = {isa = PBXFileReference; explicitFileType = wrapper.application; includeInIndex = 0; path = Wildfront.app; sourceTree = BUILT_PRODUCTS_DIR; };
		D4A883C82ACF49DA00154A97 /* WildfrontApp.swift */ = {isa = PBXFileReference; lastKnownFileType = sourcecode.swift; path = WildfrontApp.swift; sourceTree = "<group>"; };
		D4A883CF2ACF49DC00154A97 /* Preview Assets.xcassets */ = {isa = PBXFileReference; lastKnownFileType = folder.assetcatalog; path = "Preview Assets.xcassets"; sourceTree = "<group>"; };
		D4A883D52ACF49DC00154A97 /* WildfrontTests.xctest */ = {isa = PBXFileReference; explicitFileType = wrapper.cfbundle; includeInIndex = 0; path = WildfrontTests.xctest; sourceTree = BUILT_PRODUCTS_DIR; };
		D4A883DF2ACF49DC00154A97 /* WildfrontUITests.xctest */ = {isa = PBXFileReference; explicitFileType = wrapper.cfbundle; includeInIndex = 0; path = WildfrontUITests.xctest; sourceTree = BUILT_PRODUCTS_DIR; };
		D4A883E32ACF49DC00154A97 /* WildfrontUITests.swift */ = {isa = PBXFileReference; lastKnownFileType = sourcecode.swift; path = WildfrontUITests.swift; sourceTree = "<group>"; };
		D4A883E52ACF49DC00154A97 /* WildfrontUITestsLaunchTests.swift */ = {isa = PBXFileReference; lastKnownFileType = sourcecode.swift; path = WildfrontUITestsLaunchTests.swift; sourceTree = "<group>"; };
		D4A883F52ACF614200154A97 /* APIService.swift */ = {isa = PBXFileReference; lastKnownFileType = sourcecode.swift; path = APIService.swift; sourceTree = "<group>"; };
		D4A883FA2ACF650E00154A97 /* Environment.swift */ = {isa = PBXFileReference; lastKnownFileType = sourcecode.swift; path = Environment.swift; sourceTree = "<group>"; };
		D4A883FF2ACF6D1900154A97 /* NetworkError.swift */ = {isa = PBXFileReference; lastKnownFileType = sourcecode.swift; path = NetworkError.swift; sourceTree = "<group>"; };
		D4A884032ACF92B500154A97 /* APIRequest.swift */ = {isa = PBXFileReference; lastKnownFileType = sourcecode.swift; path = APIRequest.swift; sourceTree = "<group>"; };
		D4A884052ACF943A00154A97 /* Network.swift */ = {isa = PBXFileReference; lastKnownFileType = sourcecode.swift; path = Network.swift; sourceTree = "<group>"; };
		D4A884082ACF9C7700154A97 /* DefaultAPIServiceTests.swift */ = {isa = PBXFileReference; lastKnownFileType = sourcecode.swift; path = DefaultAPIServiceTests.swift; sourceTree = "<group>"; };
		D4AB41232ACFADD7004DB20E /* MockAPIRequest.swift */ = {isa = PBXFileReference; lastKnownFileType = sourcecode.swift; path = MockAPIRequest.swift; sourceTree = "<group>"; };
		D4AB41262AD05E1D004DB20E /* HTTPURLResponseExtensionTests.swift */ = {isa = PBXFileReference; lastKnownFileType = sourcecode.swift; path = HTTPURLResponseExtensionTests.swift; sourceTree = "<group>"; };
		D4AB41292AD06192004DB20E /* HTTPURLResponse+Extensions.swift */ = {isa = PBXFileReference; lastKnownFileType = sourcecode.swift; path = "HTTPURLResponse+Extensions.swift"; sourceTree = "<group>"; };
		D4AB41302AD07290004DB20E /* NetworkSession.swift */ = {isa = PBXFileReference; lastKnownFileType = sourcecode.swift; path = NetworkSession.swift; sourceTree = "<group>"; };
		D4AB41322AD0773A004DB20E /* MockNetworkSession.swift */ = {isa = PBXFileReference; lastKnownFileType = sourcecode.swift; path = MockNetworkSession.swift; sourceTree = "<group>"; };
		D4AB41352AD07E27004DB20E /* MockResponseModel.swift */ = {isa = PBXFileReference; lastKnownFileType = sourcecode.swift; path = MockResponseModel.swift; sourceTree = "<group>"; };
		D4AB41382AD07E8C004DB20E /* APIResponse.swift */ = {isa = PBXFileReference; lastKnownFileType = sourcecode.swift; path = APIResponse.swift; sourceTree = "<group>"; };
		D4AB413A2AD08D51004DB20E /* MockNetworkSessionBehavior.swift */ = {isa = PBXFileReference; lastKnownFileType = sourcecode.swift; path = MockNetworkSessionBehavior.swift; sourceTree = "<group>"; };
		D4AB41432AD09DE9004DB20E /* NationalParksRequest.swift */ = {isa = PBXFileReference; lastKnownFileType = sourcecode.swift; path = NationalParksRequest.swift; sourceTree = "<group>"; };
		D4AB41462AD0D4C7004DB20E /* DefaultAPIRequestTests.swift */ = {isa = PBXFileReference; lastKnownFileType = sourcecode.swift; path = DefaultAPIRequestTests.swift; sourceTree = "<group>"; };
		D4AB41482AD0D4E0004DB20E /* NationalParksRequestTests.swift */ = {isa = PBXFileReference; lastKnownFileType = sourcecode.swift; path = NationalParksRequestTests.swift; sourceTree = "<group>"; };
		D4AB414B2AD0DD95004DB20E /* NationalParksRepository.swift */ = {isa = PBXFileReference; lastKnownFileType = sourcecode.swift; path = NationalParksRepository.swift; sourceTree = "<group>"; };
		D4CF7D252AD3C01000F60FC8 /* AppState.swift */ = {isa = PBXFileReference; lastKnownFileType = sourcecode.swift; path = AppState.swift; sourceTree = "<group>"; };
		D4CF7D272AD3C0C500F60FC8 /* AppAction.swift */ = {isa = PBXFileReference; lastKnownFileType = sourcecode.swift; path = AppAction.swift; sourceTree = "<group>"; };
		D4CF7D292AD3C0E700F60FC8 /* AppReducer.swift */ = {isa = PBXFileReference; lastKnownFileType = sourcecode.swift; path = AppReducer.swift; sourceTree = "<group>"; };
		D4CF7D2B2AD3C11000F60FC8 /* Store.swift */ = {isa = PBXFileReference; lastKnownFileType = sourcecode.swift; path = Store.swift; sourceTree = "<group>"; };
		D4CF7D332AD3C33F00F60FC8 /* NationalParksState.swift */ = {isa = PBXFileReference; lastKnownFileType = sourcecode.swift; path = NationalParksState.swift; sourceTree = "<group>"; };
		D4CF7D352AD3C35F00F60FC8 /* NationalParksAction.swift */ = {isa = PBXFileReference; lastKnownFileType = sourcecode.swift; path = NationalParksAction.swift; sourceTree = "<group>"; };
		D4CF7D372AD3C4B800F60FC8 /* NoOpAPIRequest.swift */ = {isa = PBXFileReference; lastKnownFileType = sourcecode.swift; path = NoOpAPIRequest.swift; sourceTree = "<group>"; };
		D4CF7D3A2AD3C57000F60FC8 /* NationalPark.swift */ = {isa = PBXFileReference; lastKnownFileType = sourcecode.swift; path = NationalPark.swift; sourceTree = "<group>"; };
		D4CF7D3C2AD3C5B200F60FC8 /* NationalParksReducer.swift */ = {isa = PBXFileReference; lastKnownFileType = sourcecode.swift; path = NationalParksReducer.swift; sourceTree = "<group>"; };
		D4CF7D3F2AD45D9200F60FC8 /* StoreTests.swift */ = {isa = PBXFileReference; lastKnownFileType = sourcecode.swift; path = StoreTests.swift; sourceTree = "<group>"; };
		D4CF7D412AD45EEC00F60FC8 /* ReducerTests.swift */ = {isa = PBXFileReference; lastKnownFileType = sourcecode.swift; path = ReducerTests.swift; sourceTree = "<group>"; };
		D4CF7D432AD466D700F60FC8 /* NationalParksView.swift */ = {isa = PBXFileReference; lastKnownFileType = sourcecode.swift; path = NationalParksView.swift; sourceTree = "<group>"; };
		D4CF7D452AD4889900F60FC8 /* NationalParksResponse.swift */ = {isa = PBXFileReference; lastKnownFileType = sourcecode.swift; path = NationalParksResponse.swift; sourceTree = "<group>"; };
		D4CF7D472AD4977D00F60FC8 /* Middleware.swift */ = {isa = PBXFileReference; lastKnownFileType = sourcecode.swift; path = Middleware.swift; sourceTree = "<group>"; };
		D4CF7D4D2AD5043500F60FC8 /* NetworkingMiddleware.swift */ = {isa = PBXFileReference; lastKnownFileType = sourcecode.swift; path = NetworkingMiddleware.swift; sourceTree = "<group>"; };
		D4CF7D4F2AD5047100F60FC8 /* MiddlewareTests.swift */ = {isa = PBXFileReference; lastKnownFileType = sourcecode.swift; path = MiddlewareTests.swift; sourceTree = "<group>"; };
		D4CF7D512AD504C300F60FC8 /* MockNationalParksRepository.swift */ = {isa = PBXFileReference; lastKnownFileType = sourcecode.swift; path = MockNationalParksRepository.swift; sourceTree = "<group>"; };
		D4CF7D532AD50BFC00F60FC8 /* NetworkSessionTests.swift */ = {isa = PBXFileReference; lastKnownFileType = sourcecode.swift; path = NetworkSessionTests.swift; sourceTree = "<group>"; };
		D4CF7D552AD5172900F60FC8 /* ParkCodes.swift */ = {isa = PBXFileReference; lastKnownFileType = sourcecode.swift; path = ParkCodes.swift; sourceTree = "<group>"; };
		D4CF7D572AD57F3A00F60FC8 /* NationalParkDetailView.swift */ = {isa = PBXFileReference; lastKnownFileType = sourcecode.swift; path = NationalParkDetailView.swift; sourceTree = "<group>"; };
		D4CF7D5A2AD5810200F60FC8 /* ParkCardView.swift */ = {isa = PBXFileReference; lastKnownFileType = sourcecode.swift; path = ParkCardView.swift; sourceTree = "<group>"; };
/* End PBXFileReference section */

/* Begin PBXFrameworksBuildPhase section */
		D4A883C22ACF49DA00154A97 /* Frameworks */ = {
			isa = PBXFrameworksBuildPhase;
			buildActionMask = 2147483647;
			files = (
				D4CF7D602AD583B300F60FC8 /* NukeUI in Frameworks */,
			);
			runOnlyForDeploymentPostprocessing = 0;
		};
		D4A883D22ACF49DC00154A97 /* Frameworks */ = {
			isa = PBXFrameworksBuildPhase;
			buildActionMask = 2147483647;
			files = (
				D40B9B9A2AD5D5AD005453B8 /* SnapshotTesting in Frameworks */,
				D40B9B9C2AD5D5B1005453B8 /* ViewInspector in Frameworks */,
			);
			runOnlyForDeploymentPostprocessing = 0;
		};
		D4A883DC2ACF49DC00154A97 /* Frameworks */ = {
			isa = PBXFrameworksBuildPhase;
			buildActionMask = 2147483647;
			files = (
			);
			runOnlyForDeploymentPostprocessing = 0;
		};
/* End PBXFrameworksBuildPhase section */

/* Begin PBXGroup section */
		D40B9B902AD5D26C005453B8 /* Views */ = {
			isa = PBXGroup;
			children = (
				D40B9B912AD5D28F005453B8 /* NationalParksViewTests.swift */,
				D40B9B9D2AD5D981005453B8 /* ParkCardViewTests.swift */,
				D40B9BA62AD5E744005453B8 /* NationalParkDetailViewTests.swift */,
			);
			path = Views;
			sourceTree = "<group>";
		};
		D40B9B982AD5D5AD005453B8 /* Frameworks */ = {
			isa = PBXGroup;
			children = (
			);
			name = Frameworks;
			sourceTree = "<group>";
		};
		D40B9BA32AD5DBA1005453B8 /* Fixtures */ = {
			isa = PBXGroup;
			children = (
				D40B9BA42AD5DBAF005453B8 /* NationalParks+Fixtures.swift */,
			);
			path = Fixtures;
			sourceTree = "<group>";
		};
		D4A883BC2ACF49DA00154A97 = {
			isa = PBXGroup;
			children = (
				D4A883C72ACF49DA00154A97 /* Wildfront */,
				D4A883C82ACF49DA00154A97 /* WildfrontApp.swift */,
				D4A883D82ACF49DC00154A97 /* WildfrontTests */,
				D4A883E22ACF49DC00154A97 /* WildfrontUITests */,
				D4A883C62ACF49DA00154A97 /* Products */,
				D40B9B982AD5D5AD005453B8 /* Frameworks */,
			);
			sourceTree = "<group>";
		};
		D4A883C62ACF49DA00154A97 /* Products */ = {
			isa = PBXGroup;
			children = (
				D4A883C52ACF49DA00154A97 /* Wildfront.app */,
				D4A883D52ACF49DC00154A97 /* WildfrontTests.xctest */,
				D4A883DF2ACF49DC00154A97 /* WildfrontUITests.xctest */,
			);
			name = Products;
			sourceTree = "<group>";
		};
		D4A883C72ACF49DA00154A97 /* Wildfront */ = {
			isa = PBXGroup;
			children = (
				D4CF7D182AD19BBE00F60FC8 /* Application */,
				D4A883F92ACF650100154A97 /* Configuration */,
				D4AB41282AD0617D004DB20E /* Extensions */,
				D4CF7D222AD3BB7000F60FC8 /* Features */,
				D4CF7D392AD3C56000F60FC8 /* Models */,
				D4AB413C2AD09842004DB20E /* Resources */,
				D4AB413F2AD098F3004DB20E /* Services */,
				D4CF7D242AD3BBFB00F60FC8 /* Store */,
			);
			path = Wildfront;
			sourceTree = "<group>";
		};
		D4A883D82ACF49DC00154A97 /* WildfrontTests */ = {
			isa = PBXGroup;
			children = (
				D40B9BA02AD5DA7F005453B8 /* WildfrontTestPlan.xctestplan */,
				D4AB41252AD05E0F004DB20E /* Extensions */,
				D4A884022ACF90DB00154A97 /* Networking */,
				D4CF7D3E2AD45D8900F60FC8 /* Store */,
				D40B9B902AD5D26C005453B8 /* Views */,
			);
			path = WildfrontTests;
			sourceTree = "<group>";
		};
		D4A883E22ACF49DC00154A97 /* WildfrontUITests */ = {
			isa = PBXGroup;
			children = (
				D4A883E32ACF49DC00154A97 /* WildfrontUITests.swift */,
				D4A883E52ACF49DC00154A97 /* WildfrontUITestsLaunchTests.swift */,
			);
			path = WildfrontUITests;
			sourceTree = "<group>";
		};
		D4A883F22ACF611100154A97 /* Network */ = {
			isa = PBXGroup;
			children = (
				D4AB41402AD09995004DB20E /* Models */,
				D4AB41412AD099BA004DB20E /* Requests */,
				D4AB41422AD099C8004DB20E /* Responses */,
				D4A883F52ACF614200154A97 /* APIService.swift */,
				D4AB41302AD07290004DB20E /* NetworkSession.swift */,
			);
			path = Network;
			sourceTree = "<group>";
		};
		D4A883F92ACF650100154A97 /* Configuration */ = {
			isa = PBXGroup;
			children = (
				D4A883FA2ACF650E00154A97 /* Environment.swift */,
				D40B9B8B2AD5D031005453B8 /* Constants.swift */,
			);
			path = Configuration;
			sourceTree = "<group>";
		};
		D4A884022ACF90DB00154A97 /* Networking */ = {
			isa = PBXGroup;
			children = (
				D4AB41452AD0D4BA004DB20E /* Requests */,
				D4AB412B2AD06A32004DB20E /* Mocks */,
				D4A884082ACF9C7700154A97 /* DefaultAPIServiceTests.swift */,
				D4CF7D532AD50BFC00F60FC8 /* NetworkSessionTests.swift */,
			);
			path = Networking;
			sourceTree = "<group>";
		};
		D4AB41252AD05E0F004DB20E /* Extensions */ = {
			isa = PBXGroup;
			children = (
				D4AB41262AD05E1D004DB20E /* HTTPURLResponseExtensionTests.swift */,
			);
			path = Extensions;
			sourceTree = "<group>";
		};
		D4AB41282AD0617D004DB20E /* Extensions */ = {
			isa = PBXGroup;
			children = (
				D4AB41292AD06192004DB20E /* HTTPURLResponse+Extensions.swift */,
			);
			path = Extensions;
			sourceTree = "<group>";
		};
		D4AB412B2AD06A32004DB20E /* Mocks */ = {
			isa = PBXGroup;
			children = (
				D4AB41352AD07E27004DB20E /* MockResponseModel.swift */,
				D4AB41232ACFADD7004DB20E /* MockAPIRequest.swift */,
				D4AB41322AD0773A004DB20E /* MockNetworkSession.swift */,
				D4AB413A2AD08D51004DB20E /* MockNetworkSessionBehavior.swift */,
				D4CF7D512AD504C300F60FC8 /* MockNationalParksRepository.swift */,
			);
			path = Mocks;
			sourceTree = "<group>";
		};
		D4AB413C2AD09842004DB20E /* Resources */ = {
			isa = PBXGroup;
			children = (
				D40B9BA12AD5DB48005453B8 /* Assets.xcassets */,
				D4A883CF2ACF49DC00154A97 /* Preview Assets.xcassets */,
			);
			path = Resources;
			sourceTree = "<group>";
		};
		D4AB413F2AD098F3004DB20E /* Services */ = {
			isa = PBXGroup;
			children = (
				D4A883F22ACF611100154A97 /* Network */,
			);
			path = Services;
			sourceTree = "<group>";
		};
		D4AB41402AD09995004DB20E /* Models */ = {
			isa = PBXGroup;
			children = (
				D4A884052ACF943A00154A97 /* Network.swift */,
				D4A883FF2ACF6D1900154A97 /* NetworkError.swift */,
			);
			path = Models;
			sourceTree = "<group>";
		};
		D4AB41412AD099BA004DB20E /* Requests */ = {
			isa = PBXGroup;
			children = (
				D4A884032ACF92B500154A97 /* APIRequest.swift */,
				D4AB41432AD09DE9004DB20E /* NationalParksRequest.swift */,
				D4CF7D372AD3C4B800F60FC8 /* NoOpAPIRequest.swift */,
				D4CF7D552AD5172900F60FC8 /* ParkCodes.swift */,
			);
			path = Requests;
			sourceTree = "<group>";
		};
		D4AB41422AD099C8004DB20E /* Responses */ = {
			isa = PBXGroup;
			children = (
				D4AB41382AD07E8C004DB20E /* APIResponse.swift */,
				D4CF7D452AD4889900F60FC8 /* NationalParksResponse.swift */,
			);
			path = Responses;
			sourceTree = "<group>";
		};
		D4AB41452AD0D4BA004DB20E /* Requests */ = {
			isa = PBXGroup;
			children = (
				D4AB41462AD0D4C7004DB20E /* DefaultAPIRequestTests.swift */,
				D4AB41482AD0D4E0004DB20E /* NationalParksRequestTests.swift */,
			);
			path = Requests;
			sourceTree = "<group>";
		};
		D4CF7D182AD19BBE00F60FC8 /* Application */ = {
			isa = PBXGroup;
			children = (
				D4CF7D192AD19BD200F60FC8 /* Repositories */,
			);
			path = Application;
			sourceTree = "<group>";
		};
		D4CF7D192AD19BD200F60FC8 /* Repositories */ = {
			isa = PBXGroup;
			children = (
				D4AB414B2AD0DD95004DB20E /* NationalParksRepository.swift */,
			);
			path = Repositories;
			sourceTree = "<group>";
		};
		D4CF7D222AD3BB7000F60FC8 /* Features */ = {
			isa = PBXGroup;
			children = (
				D4CF7D322AD3C32800F60FC8 /* NationalParks */,
			);
			path = Features;
			sourceTree = "<group>";
		};
		D4CF7D242AD3BBFB00F60FC8 /* Store */ = {
			isa = PBXGroup;
			children = (
				D4CF7D272AD3C0C500F60FC8 /* AppAction.swift */,
				D4CF7D292AD3C0E700F60FC8 /* AppReducer.swift */,
				D4CF7D252AD3C01000F60FC8 /* AppState.swift */,
				D4CF7D2B2AD3C11000F60FC8 /* Store.swift */,
				D4CF7D4C2AD5042100F60FC8 /* Middleware */,
			);
			path = Store;
			sourceTree = "<group>";
		};
		D4CF7D322AD3C32800F60FC8 /* NationalParks */ = {
			isa = PBXGroup;
			children = (
				D4CF7D592AD580F000F60FC8 /* Views */,
				D4CF7D332AD3C33F00F60FC8 /* NationalParksState.swift */,
				D4CF7D352AD3C35F00F60FC8 /* NationalParksAction.swift */,
				D4CF7D3C2AD3C5B200F60FC8 /* NationalParksReducer.swift */,
			);
			path = NationalParks;
			sourceTree = "<group>";
		};
		D4CF7D392AD3C56000F60FC8 /* Models */ = {
			isa = PBXGroup;
			children = (
				D40B9BA32AD5DBA1005453B8 /* Fixtures */,
				D4CF7D3A2AD3C57000F60FC8 /* NationalPark.swift */,
				D40B9B892AD5CA14005453B8 /* NationalParkImage.swift */,
			);
			path = Models;
			sourceTree = "<group>";
		};
		D4CF7D3E2AD45D8900F60FC8 /* Store */ = {
			isa = PBXGroup;
			children = (
				D4CF7D3F2AD45D9200F60FC8 /* StoreTests.swift */,
				D4CF7D412AD45EEC00F60FC8 /* ReducerTests.swift */,
				D4CF7D4F2AD5047100F60FC8 /* MiddlewareTests.swift */,
			);
			path = Store;
			sourceTree = "<group>";
		};
		D4CF7D4C2AD5042100F60FC8 /* Middleware */ = {
			isa = PBXGroup;
			children = (
				D4CF7D472AD4977D00F60FC8 /* Middleware.swift */,
				D4CF7D4D2AD5043500F60FC8 /* NetworkingMiddleware.swift */,
			);
			path = Middleware;
			sourceTree = "<group>";
		};
		D4CF7D592AD580F000F60FC8 /* Views */ = {
			isa = PBXGroup;
			children = (
				D4CF7D572AD57F3A00F60FC8 /* NationalParkDetailView.swift */,
				D4CF7D432AD466D700F60FC8 /* NationalParksView.swift */,
				D4CF7D5A2AD5810200F60FC8 /* ParkCardView.swift */,
			);
			path = Views;
			sourceTree = "<group>";
		};
/* End PBXGroup section */

/* Begin PBXNativeTarget section */
		D4A883C42ACF49DA00154A97 /* Wildfront */ = {
			isa = PBXNativeTarget;
			buildConfigurationList = D4A883E92ACF49DC00154A97 /* Build configuration list for PBXNativeTarget "Wildfront" */;
			buildPhases = (
				D4A883C12ACF49DA00154A97 /* Sources */,
				D4A883C22ACF49DA00154A97 /* Frameworks */,
				D4A883C32ACF49DA00154A97 /* Resources */,
			);
			buildRules = (
			);
			dependencies = (
			);
			name = Wildfront;
			packageProductDependencies = (
				D4CF7D5F2AD583B300F60FC8 /* NukeUI */,
			);
			productName = Wildfront;
			productReference = D4A883C52ACF49DA00154A97 /* Wildfront.app */;
			productType = "com.apple.product-type.application";
		};
		D4A883D42ACF49DC00154A97 /* WildfrontTests */ = {
			isa = PBXNativeTarget;
			buildConfigurationList = D4A883EC2ACF49DC00154A97 /* Build configuration list for PBXNativeTarget "WildfrontTests" */;
			buildPhases = (
				D4A883D12ACF49DC00154A97 /* Sources */,
				D4A883D22ACF49DC00154A97 /* Frameworks */,
				D4A883D32ACF49DC00154A97 /* Resources */,
			);
			buildRules = (
			);
			dependencies = (
				D4A883D72ACF49DC00154A97 /* PBXTargetDependency */,
			);
			name = WildfrontTests;
			packageProductDependencies = (
				D40B9B992AD5D5AD005453B8 /* SnapshotTesting */,
				D40B9B9B2AD5D5B1005453B8 /* ViewInspector */,
			);
			productName = WildfrontTests;
			productReference = D4A883D52ACF49DC00154A97 /* WildfrontTests.xctest */;
			productType = "com.apple.product-type.bundle.unit-test";
		};
		D4A883DE2ACF49DC00154A97 /* WildfrontUITests */ = {
			isa = PBXNativeTarget;
			buildConfigurationList = D4A883EF2ACF49DC00154A97 /* Build configuration list for PBXNativeTarget "WildfrontUITests" */;
			buildPhases = (
				D4A883DB2ACF49DC00154A97 /* Sources */,
				D4A883DC2ACF49DC00154A97 /* Frameworks */,
				D4A883DD2ACF49DC00154A97 /* Resources */,
			);
			buildRules = (
			);
			dependencies = (
				D4A883E12ACF49DC00154A97 /* PBXTargetDependency */,
			);
			name = WildfrontUITests;
			productName = WildfrontUITests;
			productReference = D4A883DF2ACF49DC00154A97 /* WildfrontUITests.xctest */;
			productType = "com.apple.product-type.bundle.ui-testing";
		};
/* End PBXNativeTarget section */

/* Begin PBXProject section */
		D4A883BD2ACF49DA00154A97 /* Project object */ = {
			isa = PBXProject;
			attributes = {
				BuildIndependentTargetsInParallel = 1;
				LastSwiftUpdateCheck = 1500;
				LastUpgradeCheck = 1500;
				TargetAttributes = {
					D4A883C42ACF49DA00154A97 = {
						CreatedOnToolsVersion = 15.0;
					};
					D4A883D42ACF49DC00154A97 = {
						CreatedOnToolsVersion = 15.0;
						TestTargetID = D4A883C42ACF49DA00154A97;
					};
					D4A883DE2ACF49DC00154A97 = {
						CreatedOnToolsVersion = 15.0;
						TestTargetID = D4A883C42ACF49DA00154A97;
					};
				};
			};
			buildConfigurationList = D4A883C02ACF49DA00154A97 /* Build configuration list for PBXProject "Wildfront" */;
			compatibilityVersion = "Xcode 14.0";
			developmentRegion = en;
			hasScannedForEncodings = 0;
			knownRegions = (
				en,
				Base,
			);
			mainGroup = D4A883BC2ACF49DA00154A97;
			packageReferences = (
				D4CF7D5C2AD5833900F60FC8 /* XCRemoteSwiftPackageReference "Nuke" */,
				D40B9B8D2AD5D24A005453B8 /* XCRemoteSwiftPackageReference "swift-snapshot-testing" */,
				D40B9B952AD5D2F6005453B8 /* XCRemoteSwiftPackageReference "ViewInspector" */,
			);
			productRefGroup = D4A883C62ACF49DA00154A97 /* Products */;
			projectDirPath = "";
			projectRoot = "";
			targets = (
				D4A883C42ACF49DA00154A97 /* Wildfront */,
				D4A883D42ACF49DC00154A97 /* WildfrontTests */,
				D4A883DE2ACF49DC00154A97 /* WildfrontUITests */,
			);
		};
/* End PBXProject section */

/* Begin PBXResourcesBuildPhase section */
		D4A883C32ACF49DA00154A97 /* Resources */ = {
			isa = PBXResourcesBuildPhase;
			buildActionMask = 2147483647;
			files = (
				D40B9BA22AD5DB48005453B8 /* Assets.xcassets in Resources */,
				D4A883D02ACF49DC00154A97 /* Preview Assets.xcassets in Resources */,
			);
			runOnlyForDeploymentPostprocessing = 0;
		};
		D4A883D32ACF49DC00154A97 /* Resources */ = {
			isa = PBXResourcesBuildPhase;
			buildActionMask = 2147483647;
			files = (
			);
			runOnlyForDeploymentPostprocessing = 0;
		};
		D4A883DD2ACF49DC00154A97 /* Resources */ = {
			isa = PBXResourcesBuildPhase;
			buildActionMask = 2147483647;
			files = (
			);
			runOnlyForDeploymentPostprocessing = 0;
		};
/* End PBXResourcesBuildPhase section */

/* Begin PBXSourcesBuildPhase section */
		D4A883C12ACF49DA00154A97 /* Sources */ = {
			isa = PBXSourcesBuildPhase;
			buildActionMask = 2147483647;
			files = (
				D4CF7D3B2AD3C57000F60FC8 /* NationalPark.swift in Sources */,
				D40B9BA52AD5DBAF005453B8 /* NationalParks+Fixtures.swift in Sources */,
				D40B9B8A2AD5CA14005453B8 /* NationalParkImage.swift in Sources */,
				D4CF7D362AD3C35F00F60FC8 /* NationalParksAction.swift in Sources */,
				D4A883F62ACF614200154A97 /* APIService.swift in Sources */,
				D4CF7D4E2AD5043500F60FC8 /* NetworkingMiddleware.swift in Sources */,
				D40B9B8C2AD5D031005453B8 /* Constants.swift in Sources */,
				D4AB412A2AD06192004DB20E /* HTTPURLResponse+Extensions.swift in Sources */,
				D4CF7D462AD4889900F60FC8 /* NationalParksResponse.swift in Sources */,
				D4CF7D2C2AD3C11000F60FC8 /* Store.swift in Sources */,
				D4AB41392AD07E8C004DB20E /* APIResponse.swift in Sources */,
				D4AB41312AD07290004DB20E /* NetworkSession.swift in Sources */,
				D4A884062ACF943A00154A97 /* Network.swift in Sources */,
				D4A883FB2ACF650E00154A97 /* Environment.swift in Sources */,
				D4CF7D582AD57F3A00F60FC8 /* NationalParkDetailView.swift in Sources */,
				D4CF7D282AD3C0C500F60FC8 /* AppAction.swift in Sources */,
				D4CF7D342AD3C33F00F60FC8 /* NationalParksState.swift in Sources */,
				D4CF7D562AD5172900F60FC8 /* ParkCodes.swift in Sources */,
				D4A884002ACF6D1900154A97 /* NetworkError.swift in Sources */,
				D4CF7D3D2AD3C5B200F60FC8 /* NationalParksReducer.swift in Sources */,
				D4CF7D2A2AD3C0E700F60FC8 /* AppReducer.swift in Sources */,
				D4A884042ACF92B500154A97 /* APIRequest.swift in Sources */,
				D4A883C92ACF49DA00154A97 /* WildfrontApp.swift in Sources */,
				D4CF7D262AD3C01000F60FC8 /* AppState.swift in Sources */,
				D4AB41442AD09DE9004DB20E /* NationalParksRequest.swift in Sources */,
				D4CF7D482AD4977D00F60FC8 /* Middleware.swift in Sources */,
				D4CF7D442AD466D700F60FC8 /* NationalParksView.swift in Sources */,
				D4AB414C2AD0DD95004DB20E /* NationalParksRepository.swift in Sources */,
				D4CF7D382AD3C4B800F60FC8 /* NoOpAPIRequest.swift in Sources */,
				D4CF7D5B2AD5810200F60FC8 /* ParkCardView.swift in Sources */,
			);
			runOnlyForDeploymentPostprocessing = 0;
		};
		D4A883D12ACF49DC00154A97 /* Sources */ = {
			isa = PBXSourcesBuildPhase;
			buildActionMask = 2147483647;
			files = (
				D40B9B922AD5D28F005453B8 /* NationalParksViewTests.swift in Sources */,
				D4AB41272AD05E1D004DB20E /* HTTPURLResponseExtensionTests.swift in Sources */,
				D4A884092ACF9C7700154A97 /* DefaultAPIServiceTests.swift in Sources */,
				D40B9BA72AD5E744005453B8 /* NationalParkDetailViewTests.swift in Sources */,
				D4AB41332AD0773A004DB20E /* MockNetworkSession.swift in Sources */,
				D4AB413B2AD08D51004DB20E /* MockNetworkSessionBehavior.swift in Sources */,
				D4AB41362AD07E27004DB20E /* MockResponseModel.swift in Sources */,
				D4AB41492AD0D4E0004DB20E /* NationalParksRequestTests.swift in Sources */,
				D4CF7D422AD45EEC00F60FC8 /* ReducerTests.swift in Sources */,
				D4CF7D522AD504C300F60FC8 /* MockNationalParksRepository.swift in Sources */,
				D40B9B9E2AD5D981005453B8 /* ParkCardViewTests.swift in Sources */,
				D4AB41472AD0D4C7004DB20E /* DefaultAPIRequestTests.swift in Sources */,
				D4CF7D542AD50BFC00F60FC8 /* NetworkSessionTests.swift in Sources */,
				D4AB41242ACFADD7004DB20E /* MockAPIRequest.swift in Sources */,
				D4CF7D402AD45D9200F60FC8 /* StoreTests.swift in Sources */,
				D4CF7D502AD5047100F60FC8 /* MiddlewareTests.swift in Sources */,
			);
			runOnlyForDeploymentPostprocessing = 0;
		};
		D4A883DB2ACF49DC00154A97 /* Sources */ = {
			isa = PBXSourcesBuildPhase;
			buildActionMask = 2147483647;
			files = (
				D4A883E62ACF49DC00154A97 /* WildfrontUITestsLaunchTests.swift in Sources */,
				D4A883E42ACF49DC00154A97 /* WildfrontUITests.swift in Sources */,
			);
			runOnlyForDeploymentPostprocessing = 0;
		};
/* End PBXSourcesBuildPhase section */

/* Begin PBXTargetDependency section */
		D4A883D72ACF49DC00154A97 /* PBXTargetDependency */ = {
			isa = PBXTargetDependency;
			target = D4A883C42ACF49DA00154A97 /* Wildfront */;
			targetProxy = D4A883D62ACF49DC00154A97 /* PBXContainerItemProxy */;
		};
		D4A883E12ACF49DC00154A97 /* PBXTargetDependency */ = {
			isa = PBXTargetDependency;
			target = D4A883C42ACF49DA00154A97 /* Wildfront */;
			targetProxy = D4A883E02ACF49DC00154A97 /* PBXContainerItemProxy */;
		};
/* End PBXTargetDependency section */

/* Begin XCBuildConfiguration section */
		D4A883E72ACF49DC00154A97 /* Debug */ = {
			isa = XCBuildConfiguration;
			buildSettings = {
				ALWAYS_SEARCH_USER_PATHS = NO;
				ASSETCATALOG_COMPILER_GENERATE_SWIFT_ASSET_SYMBOL_EXTENSIONS = YES;
				CLANG_ANALYZER_NONNULL = YES;
				CLANG_ANALYZER_NUMBER_OBJECT_CONVERSION = YES_AGGRESSIVE;
				CLANG_CXX_LANGUAGE_STANDARD = "gnu++20";
				CLANG_ENABLE_MODULES = YES;
				CLANG_ENABLE_OBJC_ARC = YES;
				CLANG_ENABLE_OBJC_WEAK = YES;
				CLANG_WARN_BLOCK_CAPTURE_AUTORELEASING = YES;
				CLANG_WARN_BOOL_CONVERSION = YES;
				CLANG_WARN_COMMA = YES;
				CLANG_WARN_CONSTANT_CONVERSION = YES;
				CLANG_WARN_DEPRECATED_OBJC_IMPLEMENTATIONS = YES;
				CLANG_WARN_DIRECT_OBJC_ISA_USAGE = YES_ERROR;
				CLANG_WARN_DOCUMENTATION_COMMENTS = YES;
				CLANG_WARN_EMPTY_BODY = YES;
				CLANG_WARN_ENUM_CONVERSION = YES;
				CLANG_WARN_INFINITE_RECURSION = YES;
				CLANG_WARN_INT_CONVERSION = YES;
				CLANG_WARN_NON_LITERAL_NULL_CONVERSION = YES;
				CLANG_WARN_OBJC_IMPLICIT_RETAIN_SELF = YES;
				CLANG_WARN_OBJC_LITERAL_CONVERSION = YES;
				CLANG_WARN_OBJC_ROOT_CLASS = YES_ERROR;
				CLANG_WARN_QUOTED_INCLUDE_IN_FRAMEWORK_HEADER = YES;
				CLANG_WARN_RANGE_LOOP_ANALYSIS = YES;
				CLANG_WARN_STRICT_PROTOTYPES = YES;
				CLANG_WARN_SUSPICIOUS_MOVE = YES;
				CLANG_WARN_UNGUARDED_AVAILABILITY = YES_AGGRESSIVE;
				CLANG_WARN_UNREACHABLE_CODE = YES;
				CLANG_WARN__DUPLICATE_METHOD_MATCH = YES;
				COPY_PHASE_STRIP = NO;
				DEBUG_INFORMATION_FORMAT = dwarf;
				ENABLE_STRICT_OBJC_MSGSEND = YES;
				ENABLE_TESTABILITY = YES;
				ENABLE_USER_SCRIPT_SANDBOXING = YES;
				GCC_C_LANGUAGE_STANDARD = gnu17;
				GCC_DYNAMIC_NO_PIC = NO;
				GCC_NO_COMMON_BLOCKS = YES;
				GCC_OPTIMIZATION_LEVEL = 0;
				GCC_PREPROCESSOR_DEFINITIONS = (
					"DEBUG=1",
					"$(inherited)",
				);
				GCC_WARN_64_TO_32_BIT_CONVERSION = YES;
				GCC_WARN_ABOUT_RETURN_TYPE = YES_ERROR;
				GCC_WARN_UNDECLARED_SELECTOR = YES;
				GCC_WARN_UNINITIALIZED_AUTOS = YES_AGGRESSIVE;
				GCC_WARN_UNUSED_FUNCTION = YES;
				GCC_WARN_UNUSED_VARIABLE = YES;
				IPHONEOS_DEPLOYMENT_TARGET = 17.0;
				LOCALIZATION_PREFERS_STRING_CATALOGS = YES;
				MTL_ENABLE_DEBUG_INFO = INCLUDE_SOURCE;
				MTL_FAST_MATH = YES;
				ONLY_ACTIVE_ARCH = YES;
				SDKROOT = iphoneos;
				SWIFT_ACTIVE_COMPILATION_CONDITIONS = "DEBUG $(inherited)";
				SWIFT_OPTIMIZATION_LEVEL = "-Onone";
			};
			name = Debug;
		};
		D4A883E82ACF49DC00154A97 /* Release */ = {
			isa = XCBuildConfiguration;
			buildSettings = {
				ALWAYS_SEARCH_USER_PATHS = NO;
				ASSETCATALOG_COMPILER_GENERATE_SWIFT_ASSET_SYMBOL_EXTENSIONS = YES;
				CLANG_ANALYZER_NONNULL = YES;
				CLANG_ANALYZER_NUMBER_OBJECT_CONVERSION = YES_AGGRESSIVE;
				CLANG_CXX_LANGUAGE_STANDARD = "gnu++20";
				CLANG_ENABLE_MODULES = YES;
				CLANG_ENABLE_OBJC_ARC = YES;
				CLANG_ENABLE_OBJC_WEAK = YES;
				CLANG_WARN_BLOCK_CAPTURE_AUTORELEASING = YES;
				CLANG_WARN_BOOL_CONVERSION = YES;
				CLANG_WARN_COMMA = YES;
				CLANG_WARN_CONSTANT_CONVERSION = YES;
				CLANG_WARN_DEPRECATED_OBJC_IMPLEMENTATIONS = YES;
				CLANG_WARN_DIRECT_OBJC_ISA_USAGE = YES_ERROR;
				CLANG_WARN_DOCUMENTATION_COMMENTS = YES;
				CLANG_WARN_EMPTY_BODY = YES;
				CLANG_WARN_ENUM_CONVERSION = YES;
				CLANG_WARN_INFINITE_RECURSION = YES;
				CLANG_WARN_INT_CONVERSION = YES;
				CLANG_WARN_NON_LITERAL_NULL_CONVERSION = YES;
				CLANG_WARN_OBJC_IMPLICIT_RETAIN_SELF = YES;
				CLANG_WARN_OBJC_LITERAL_CONVERSION = YES;
				CLANG_WARN_OBJC_ROOT_CLASS = YES_ERROR;
				CLANG_WARN_QUOTED_INCLUDE_IN_FRAMEWORK_HEADER = YES;
				CLANG_WARN_RANGE_LOOP_ANALYSIS = YES;
				CLANG_WARN_STRICT_PROTOTYPES = YES;
				CLANG_WARN_SUSPICIOUS_MOVE = YES;
				CLANG_WARN_UNGUARDED_AVAILABILITY = YES_AGGRESSIVE;
				CLANG_WARN_UNREACHABLE_CODE = YES;
				CLANG_WARN__DUPLICATE_METHOD_MATCH = YES;
				COPY_PHASE_STRIP = NO;
				DEBUG_INFORMATION_FORMAT = "dwarf-with-dsym";
				ENABLE_NS_ASSERTIONS = NO;
				ENABLE_STRICT_OBJC_MSGSEND = YES;
				ENABLE_USER_SCRIPT_SANDBOXING = YES;
				GCC_C_LANGUAGE_STANDARD = gnu17;
				GCC_NO_COMMON_BLOCKS = YES;
				GCC_WARN_64_TO_32_BIT_CONVERSION = YES;
				GCC_WARN_ABOUT_RETURN_TYPE = YES_ERROR;
				GCC_WARN_UNDECLARED_SELECTOR = YES;
				GCC_WARN_UNINITIALIZED_AUTOS = YES_AGGRESSIVE;
				GCC_WARN_UNUSED_FUNCTION = YES;
				GCC_WARN_UNUSED_VARIABLE = YES;
				IPHONEOS_DEPLOYMENT_TARGET = 17.0;
				LOCALIZATION_PREFERS_STRING_CATALOGS = YES;
				MTL_ENABLE_DEBUG_INFO = NO;
				MTL_FAST_MATH = YES;
				SDKROOT = iphoneos;
				SWIFT_COMPILATION_MODE = wholemodule;
				VALIDATE_PRODUCT = YES;
			};
			name = Release;
		};
		D4A883EA2ACF49DC00154A97 /* Debug */ = {
			isa = XCBuildConfiguration;
			buildSettings = {
				ASSETCATALOG_COMPILER_APPICON_NAME = AppIcon;
				ASSETCATALOG_COMPILER_GLOBAL_ACCENT_COLOR_NAME = AccentColor;
				CODE_SIGN_STYLE = Automatic;
				CURRENT_PROJECT_VERSION = 1;
				DEVELOPMENT_ASSET_PATHS = "\"Wildfront/Resources\"";
				DEVELOPMENT_TEAM = 7G82ECD844;
				ENABLE_PREVIEWS = YES;
				GENERATE_INFOPLIST_FILE = YES;
				INFOPLIST_KEY_UIApplicationSceneManifest_Generation = YES;
				INFOPLIST_KEY_UIApplicationSupportsIndirectInputEvents = YES;
				INFOPLIST_KEY_UILaunchScreen_Generation = YES;
				INFOPLIST_KEY_UISupportedInterfaceOrientations = UIInterfaceOrientationPortrait;
				INFOPLIST_KEY_UISupportedInterfaceOrientations_iPad = "UIInterfaceOrientationLandscapeLeft UIInterfaceOrientationLandscapeRight UIInterfaceOrientationPortrait UIInterfaceOrientationPortraitUpsideDown";
				LD_RUNPATH_SEARCH_PATHS = (
					"$(inherited)",
					"@executable_path/Frameworks",
				);
				MARKETING_VERSION = 1.0;
				PRODUCT_BUNDLE_IDENTIFIER = io.onyxstudios.Wildfront;
				PRODUCT_NAME = "$(TARGET_NAME)";
				SUPPORTED_PLATFORMS = "iphoneos iphonesimulator";
				SUPPORTS_MACCATALYST = NO;
				SUPPORTS_MAC_DESIGNED_FOR_IPHONE_IPAD = NO;
				SWIFT_EMIT_LOC_STRINGS = YES;
				SWIFT_VERSION = 5.0;
				TARGETED_DEVICE_FAMILY = 1;
			};
			name = Debug;
		};
		D4A883EB2ACF49DC00154A97 /* Release */ = {
			isa = XCBuildConfiguration;
			buildSettings = {
				ASSETCATALOG_COMPILER_APPICON_NAME = AppIcon;
				ASSETCATALOG_COMPILER_GLOBAL_ACCENT_COLOR_NAME = AccentColor;
				CODE_SIGN_STYLE = Automatic;
				CURRENT_PROJECT_VERSION = 1;
				DEVELOPMENT_ASSET_PATHS = "\"Wildfront/Resources\"";
				DEVELOPMENT_TEAM = 7G82ECD844;
				ENABLE_PREVIEWS = YES;
				GENERATE_INFOPLIST_FILE = YES;
				INFOPLIST_KEY_UIApplicationSceneManifest_Generation = YES;
				INFOPLIST_KEY_UIApplicationSupportsIndirectInputEvents = YES;
				INFOPLIST_KEY_UILaunchScreen_Generation = YES;
				INFOPLIST_KEY_UISupportedInterfaceOrientations = UIInterfaceOrientationPortrait;
				INFOPLIST_KEY_UISupportedInterfaceOrientations_iPad = "UIInterfaceOrientationLandscapeLeft UIInterfaceOrientationLandscapeRight UIInterfaceOrientationPortrait UIInterfaceOrientationPortraitUpsideDown";
				LD_RUNPATH_SEARCH_PATHS = (
					"$(inherited)",
					"@executable_path/Frameworks",
				);
				MARKETING_VERSION = 1.0;
				PRODUCT_BUNDLE_IDENTIFIER = io.onyxstudios.Wildfront;
				PRODUCT_NAME = "$(TARGET_NAME)";
				SUPPORTED_PLATFORMS = "iphoneos iphonesimulator";
				SUPPORTS_MACCATALYST = NO;
				SUPPORTS_MAC_DESIGNED_FOR_IPHONE_IPAD = NO;
				SWIFT_EMIT_LOC_STRINGS = YES;
				SWIFT_VERSION = 5.0;
				TARGETED_DEVICE_FAMILY = 1;
			};
			name = Release;
		};
		D4A883ED2ACF49DC00154A97 /* Debug */ = {
			isa = XCBuildConfiguration;
			buildSettings = {
				ALWAYS_EMBED_SWIFT_STANDARD_LIBRARIES = YES;
				BUNDLE_LOADER = "$(TEST_HOST)";
				CODE_SIGN_STYLE = Automatic;
				CURRENT_PROJECT_VERSION = 1;
				DEVELOPMENT_TEAM = 7G82ECD844;
				GENERATE_INFOPLIST_FILE = YES;
				IPHONEOS_DEPLOYMENT_TARGET = 17.0;
				MARKETING_VERSION = 1.0;
				PRODUCT_BUNDLE_IDENTIFIER = io.onyxstudios.WildfrontTests;
				PRODUCT_NAME = "$(TARGET_NAME)";
				SWIFT_EMIT_LOC_STRINGS = NO;
				SWIFT_VERSION = 5.0;
				TARGETED_DEVICE_FAMILY = "1,2";
				TEST_HOST = "$(BUILT_PRODUCTS_DIR)/Wildfront.app/$(BUNDLE_EXECUTABLE_FOLDER_PATH)/Wildfront";
			};
			name = Debug;
		};
		D4A883EE2ACF49DC00154A97 /* Release */ = {
			isa = XCBuildConfiguration;
			buildSettings = {
				ALWAYS_EMBED_SWIFT_STANDARD_LIBRARIES = YES;
				BUNDLE_LOADER = "$(TEST_HOST)";
				CODE_SIGN_STYLE = Automatic;
				CURRENT_PROJECT_VERSION = 1;
				DEVELOPMENT_TEAM = 7G82ECD844;
				GENERATE_INFOPLIST_FILE = YES;
				IPHONEOS_DEPLOYMENT_TARGET = 17.0;
				MARKETING_VERSION = 1.0;
				PRODUCT_BUNDLE_IDENTIFIER = io.onyxstudios.WildfrontTests;
				PRODUCT_NAME = "$(TARGET_NAME)";
				SWIFT_EMIT_LOC_STRINGS = NO;
				SWIFT_VERSION = 5.0;
				TARGETED_DEVICE_FAMILY = "1,2";
				TEST_HOST = "$(BUILT_PRODUCTS_DIR)/Wildfront.app/$(BUNDLE_EXECUTABLE_FOLDER_PATH)/Wildfront";
			};
			name = Release;
		};
		D4A883F02ACF49DC00154A97 /* Debug */ = {
			isa = XCBuildConfiguration;
			buildSettings = {
				ALWAYS_EMBED_SWIFT_STANDARD_LIBRARIES = YES;
				CODE_SIGN_STYLE = Automatic;
				CURRENT_PROJECT_VERSION = 1;
				DEVELOPMENT_TEAM = 7G82ECD844;
				GENERATE_INFOPLIST_FILE = YES;
				MARKETING_VERSION = 1.0;
				PRODUCT_BUNDLE_IDENTIFIER = io.onyxstudios.WildfrontUITests;
				PRODUCT_NAME = "$(TARGET_NAME)";
				SWIFT_EMIT_LOC_STRINGS = NO;
				SWIFT_VERSION = 5.0;
				TARGETED_DEVICE_FAMILY = "1,2";
				TEST_TARGET_NAME = Wildfront;
			};
			name = Debug;
		};
		D4A883F12ACF49DC00154A97 /* Release */ = {
			isa = XCBuildConfiguration;
			buildSettings = {
				ALWAYS_EMBED_SWIFT_STANDARD_LIBRARIES = YES;
				CODE_SIGN_STYLE = Automatic;
				CURRENT_PROJECT_VERSION = 1;
				DEVELOPMENT_TEAM = 7G82ECD844;
				GENERATE_INFOPLIST_FILE = YES;
				MARKETING_VERSION = 1.0;
				PRODUCT_BUNDLE_IDENTIFIER = io.onyxstudios.WildfrontUITests;
				PRODUCT_NAME = "$(TARGET_NAME)";
				SWIFT_EMIT_LOC_STRINGS = NO;
				SWIFT_VERSION = 5.0;
				TARGETED_DEVICE_FAMILY = "1,2";
				TEST_TARGET_NAME = Wildfront;
			};
			name = Release;
		};
/* End XCBuildConfiguration section */

/* Begin XCConfigurationList section */
		D4A883C02ACF49DA00154A97 /* Build configuration list for PBXProject "Wildfront" */ = {
			isa = XCConfigurationList;
			buildConfigurations = (
				D4A883E72ACF49DC00154A97 /* Debug */,
				D4A883E82ACF49DC00154A97 /* Release */,
			);
			defaultConfigurationIsVisible = 0;
			defaultConfigurationName = Release;
		};
		D4A883E92ACF49DC00154A97 /* Build configuration list for PBXNativeTarget "Wildfront" */ = {
			isa = XCConfigurationList;
			buildConfigurations = (
				D4A883EA2ACF49DC00154A97 /* Debug */,
				D4A883EB2ACF49DC00154A97 /* Release */,
			);
			defaultConfigurationIsVisible = 0;
			defaultConfigurationName = Release;
		};
		D4A883EC2ACF49DC00154A97 /* Build configuration list for PBXNativeTarget "WildfrontTests" */ = {
			isa = XCConfigurationList;
			buildConfigurations = (
				D4A883ED2ACF49DC00154A97 /* Debug */,
				D4A883EE2ACF49DC00154A97 /* Release */,
			);
			defaultConfigurationIsVisible = 0;
			defaultConfigurationName = Release;
		};
		D4A883EF2ACF49DC00154A97 /* Build configuration list for PBXNativeTarget "WildfrontUITests" */ = {
			isa = XCConfigurationList;
			buildConfigurations = (
				D4A883F02ACF49DC00154A97 /* Debug */,
				D4A883F12ACF49DC00154A97 /* Release */,
			);
			defaultConfigurationIsVisible = 0;
			defaultConfigurationName = Release;
		};
/* End XCConfigurationList section */

/* Begin XCRemoteSwiftPackageReference section */
		D40B9B8D2AD5D24A005453B8 /* XCRemoteSwiftPackageReference "swift-snapshot-testing" */ = {
			isa = XCRemoteSwiftPackageReference;
			repositoryURL = "https://github.com/pointfreeco/swift-snapshot-testing";
			requirement = {
				kind = upToNextMajorVersion;
				minimumVersion = 1.14.1;
			};
		};
		D40B9B952AD5D2F6005453B8 /* XCRemoteSwiftPackageReference "ViewInspector" */ = {
			isa = XCRemoteSwiftPackageReference;
			repositoryURL = "https://github.com/nalexn/ViewInspector";
			requirement = {
				kind = upToNextMajorVersion;
				minimumVersion = 0.9.8;
			};
		};
		D4CF7D5C2AD5833900F60FC8 /* XCRemoteSwiftPackageReference "Nuke" */ = {
			isa = XCRemoteSwiftPackageReference;
			repositoryURL = "https://github.com/kean/Nuke";
			requirement = {
				kind = upToNextMajorVersion;
				minimumVersion = 12.1.6;
			};
		};
/* End XCRemoteSwiftPackageReference section */

/* Begin XCSwiftPackageProductDependency section */
		D40B9B992AD5D5AD005453B8 /* SnapshotTesting */ = {
			isa = XCSwiftPackageProductDependency;
			package = D40B9B8D2AD5D24A005453B8 /* XCRemoteSwiftPackageReference "swift-snapshot-testing" */;
			productName = SnapshotTesting;
		};
		D40B9B9B2AD5D5B1005453B8 /* ViewInspector */ = {
			isa = XCSwiftPackageProductDependency;
			package = D40B9B952AD5D2F6005453B8 /* XCRemoteSwiftPackageReference "ViewInspector" */;
			productName = ViewInspector;
		};
		D4CF7D5F2AD583B300F60FC8 /* NukeUI */ = {
			isa = XCSwiftPackageProductDependency;
			package = D4CF7D5C2AD5833900F60FC8 /* XCRemoteSwiftPackageReference "Nuke" */;
			productName = NukeUI;
		};
/* End XCSwiftPackageProductDependency section */
	};
	rootObject = D4A883BD2ACF49DA00154A97 /* Project object */;
}
